// !$*UTF8*$!
{
	archiveVersion = 1;
	classes = {
	};
	objectVersion = 56;
	objects = {

/* Begin PBXBuildFile section */
		4A81BA032B46237400AEF5F1 /* AlbumResponse.swift in Sources */ = {isa = PBXBuildFile; fileRef = 4A81BA022B46237400AEF5F1 /* AlbumResponse.swift */; };
		4A81BA052B4637BA00AEF5F1 /* PhotoAlbumView+CollectionView.swift in Sources */ = {isa = PBXBuildFile; fileRef = 4A81BA042B4637BA00AEF5F1 /* PhotoAlbumView+CollectionView.swift */; };
		4A81BA092B4F57DE00AEF5F1 /* MapView+MKMapView.swift in Sources */ = {isa = PBXBuildFile; fileRef = 4A81BA082B4F57DE00AEF5F1 /* MapView+MKMapView.swift */; };
		4A81BA0C2B4F609200AEF5F1 /* RegionStore.swift in Sources */ = {isa = PBXBuildFile; fileRef = 4A81BA0B2B4F609200AEF5F1 /* RegionStore.swift */; };
		4A81BA0F2B4F69DB00AEF5F1 /* Region.swift in Sources */ = {isa = PBXBuildFile; fileRef = 4A81BA0E2B4F69DB00AEF5F1 /* Region.swift */; };
		4A81BA142B50A5DA00AEF5F1 /* VirtualTourist.xcdatamodeld in Sources */ = {isa = PBXBuildFile; fileRef = 4A81BA122B50A5DA00AEF5F1 /* VirtualTourist.xcdatamodeld */; };
		4A81BA162B50AAE400AEF5F1 /* DataController.swift in Sources */ = {isa = PBXBuildFile; fileRef = 4A81BA152B50AAE400AEF5F1 /* DataController.swift */; };
		4A82310E2B3104A200AD095A /* AppDelegate.swift in Sources */ = {isa = PBXBuildFile; fileRef = 4A82310D2B3104A200AD095A /* AppDelegate.swift */; };
		4A8231102B3104A200AD095A /* SceneDelegate.swift in Sources */ = {isa = PBXBuildFile; fileRef = 4A82310F2B3104A200AD095A /* SceneDelegate.swift */; };
		4A8231122B3104A200AD095A /* MapViewController.swift in Sources */ = {isa = PBXBuildFile; fileRef = 4A8231112B3104A200AD095A /* MapViewController.swift */; };
		4A8231172B3104A300AD095A /* Assets.xcassets in Resources */ = {isa = PBXBuildFile; fileRef = 4A8231162B3104A300AD095A /* Assets.xcassets */; };
		4A82311A2B3104A300AD095A /* LaunchScreen.storyboard in Resources */ = {isa = PBXBuildFile; fileRef = 4A8231182B3104A300AD095A /* LaunchScreen.storyboard */; };
		4A8231272B31096F00AD095A /* MapView.swift in Sources */ = {isa = PBXBuildFile; fileRef = 4A8231262B31096F00AD095A /* MapView.swift */; };
		4A8231292B311D3E00AD095A /* PhotoAlbumViewController.swift in Sources */ = {isa = PBXBuildFile; fileRef = 4A8231282B311D3E00AD095A /* PhotoAlbumViewController.swift */; };
		4A82312B2B325F9400AD095A /* PhotoAlbumView.swift in Sources */ = {isa = PBXBuildFile; fileRef = 4A82312A2B325F9400AD095A /* PhotoAlbumView.swift */; };
		4A82312D2B3268FE00AD095A /* PhotoAlbumCell.swift in Sources */ = {isa = PBXBuildFile; fileRef = 4A82312C2B3268FE00AD095A /* PhotoAlbumCell.swift */; };
		4A82312F2B33AD5800AD095A /* FlickrClient.swift in Sources */ = {isa = PBXBuildFile; fileRef = 4A82312E2B33AD5800AD095A /* FlickrClient.swift */; };
/* End PBXBuildFile section */

/* Begin PBXFileReference section */
		4A81BA022B46237400AEF5F1 /* AlbumResponse.swift */ = {isa = PBXFileReference; lastKnownFileType = sourcecode.swift; path = AlbumResponse.swift; sourceTree = "<group>"; };
		4A81BA042B4637BA00AEF5F1 /* PhotoAlbumView+CollectionView.swift */ = {isa = PBXFileReference; lastKnownFileType = sourcecode.swift; path = "PhotoAlbumView+CollectionView.swift"; sourceTree = "<group>"; };
		4A81BA082B4F57DE00AEF5F1 /* MapView+MKMapView.swift */ = {isa = PBXFileReference; lastKnownFileType = sourcecode.swift; path = "MapView+MKMapView.swift"; sourceTree = "<group>"; };
		4A81BA0B2B4F609200AEF5F1 /* RegionStore.swift */ = {isa = PBXFileReference; lastKnownFileType = sourcecode.swift; path = RegionStore.swift; sourceTree = "<group>"; };
		4A81BA0E2B4F69DB00AEF5F1 /* Region.swift */ = {isa = PBXFileReference; lastKnownFileType = sourcecode.swift; path = Region.swift; sourceTree = "<group>"; };
		4A81BA132B50A5DA00AEF5F1 /* VirtualTourist.xcdatamodel */ = {isa = PBXFileReference; lastKnownFileType = wrapper.xcdatamodel; path = VirtualTourist.xcdatamodel; sourceTree = "<group>"; };
		4A81BA152B50AAE400AEF5F1 /* DataController.swift */ = {isa = PBXFileReference; lastKnownFileType = sourcecode.swift; path = DataController.swift; sourceTree = "<group>"; };
		4A82310A2B3104A200AD095A /* VirtualTourist.app */ = {isa = PBXFileReference; explicitFileType = wrapper.application; includeInIndex = 0; path = VirtualTourist.app; sourceTree = BUILT_PRODUCTS_DIR; };
		4A82310D2B3104A200AD095A /* AppDelegate.swift */ = {isa = PBXFileReference; lastKnownFileType = sourcecode.swift; path = AppDelegate.swift; sourceTree = "<group>"; };
		4A82310F2B3104A200AD095A /* SceneDelegate.swift */ = {isa = PBXFileReference; lastKnownFileType = sourcecode.swift; path = SceneDelegate.swift; sourceTree = "<group>"; };
		4A8231112B3104A200AD095A /* MapViewController.swift */ = {isa = PBXFileReference; lastKnownFileType = sourcecode.swift; path = MapViewController.swift; sourceTree = "<group>"; };
		4A8231162B3104A300AD095A /* Assets.xcassets */ = {isa = PBXFileReference; lastKnownFileType = folder.assetcatalog; path = Assets.xcassets; sourceTree = "<group>"; };
		4A8231192B3104A300AD095A /* Base */ = {isa = PBXFileReference; lastKnownFileType = file.storyboard; name = Base; path = Base.lproj/LaunchScreen.storyboard; sourceTree = "<group>"; };
		4A82311B2B3104A300AD095A /* Info.plist */ = {isa = PBXFileReference; lastKnownFileType = text.plist.xml; path = Info.plist; sourceTree = "<group>"; };
		4A8231262B31096F00AD095A /* MapView.swift */ = {isa = PBXFileReference; lastKnownFileType = sourcecode.swift; path = MapView.swift; sourceTree = "<group>"; };
		4A8231282B311D3E00AD095A /* PhotoAlbumViewController.swift */ = {isa = PBXFileReference; lastKnownFileType = sourcecode.swift; path = PhotoAlbumViewController.swift; sourceTree = "<group>"; };
		4A82312A2B325F9400AD095A /* PhotoAlbumView.swift */ = {isa = PBXFileReference; lastKnownFileType = sourcecode.swift; path = PhotoAlbumView.swift; sourceTree = "<group>"; };
		4A82312C2B3268FE00AD095A /* PhotoAlbumCell.swift */ = {isa = PBXFileReference; lastKnownFileType = sourcecode.swift; path = PhotoAlbumCell.swift; sourceTree = "<group>"; };
		4A82312E2B33AD5800AD095A /* FlickrClient.swift */ = {isa = PBXFileReference; lastKnownFileType = sourcecode.swift; path = FlickrClient.swift; sourceTree = "<group>"; };
/* End PBXFileReference section */

/* Begin PBXFrameworksBuildPhase section */
		4A8231072B3104A200AD095A /* Frameworks */ = {
			isa = PBXFrameworksBuildPhase;
			buildActionMask = 2147483647;
			files = (
			);
			runOnlyForDeploymentPostprocessing = 0;
		};
/* End PBXFrameworksBuildPhase section */

/* Begin PBXGroup section */
		4A81BA012B46235C00AEF5F1 /* Response */ = {
			isa = PBXGroup;
			children = (
				4A81BA022B46237400AEF5F1 /* AlbumResponse.swift */,
			);
			path = Response;
			sourceTree = "<group>";
		};
		4A81BA062B4F57A400AEF5F1 /* MapView */ = {
			isa = PBXGroup;
			children = (
				4A8231262B31096F00AD095A /* MapView.swift */,
				4A81BA082B4F57DE00AEF5F1 /* MapView+MKMapView.swift */,
			);
			path = MapView;
			sourceTree = "<group>";
		};
		4A81BA072B4F57B900AEF5F1 /* PhotoAlbumViewController */ = {
			isa = PBXGroup;
			children = (
				4A8231282B311D3E00AD095A /* PhotoAlbumViewController.swift */,
				4A81BA042B4637BA00AEF5F1 /* PhotoAlbumView+CollectionView.swift */,
			);
			path = PhotoAlbumViewController;
			sourceTree = "<group>";
		};
		4A81BA0A2B4F580800AEF5F1 /* PhotoAlbumView */ = {
			isa = PBXGroup;
			children = (
				4A82312A2B325F9400AD095A /* PhotoAlbumView.swift */,
				4A82312C2B3268FE00AD095A /* PhotoAlbumCell.swift */,
			);
			path = PhotoAlbumView;
			sourceTree = "<group>";
		};
		4A81BA0D2B4F69B200AEF5F1 /* Persistence */ = {
			isa = PBXGroup;
			children = (
				4A81BA112B50A5C000AEF5F1 /* CoreData */,
				4A81BA102B50A5B400AEF5F1 /* FileManager */,
			);
			path = Persistence;
			sourceTree = "<group>";
		};
		4A81BA102B50A5B400AEF5F1 /* FileManager */ = {
			isa = PBXGroup;
			children = (
				4A81BA0B2B4F609200AEF5F1 /* RegionStore.swift */,
				4A81BA0E2B4F69DB00AEF5F1 /* Region.swift */,
			);
			path = FileManager;
			sourceTree = "<group>";
		};
		4A81BA112B50A5C000AEF5F1 /* CoreData */ = {
			isa = PBXGroup;
			children = (
				4A81BA122B50A5DA00AEF5F1 /* VirtualTourist.xcdatamodeld */,
				4A81BA152B50AAE400AEF5F1 /* DataController.swift */,
			);
			path = CoreData;
			sourceTree = "<group>";
		};
		4A8231012B3104A200AD095A = {
			isa = PBXGroup;
			children = (
				4A82310C2B3104A200AD095A /* VirtualTourist */,
				4A82310B2B3104A200AD095A /* Products */,
			);
			sourceTree = "<group>";
		};
		4A82310B2B3104A200AD095A /* Products */ = {
			isa = PBXGroup;
			children = (
				4A82310A2B3104A200AD095A /* VirtualTourist.app */,
			);
			name = Products;
			sourceTree = "<group>";
		};
		4A82310C2B3104A200AD095A /* VirtualTourist */ = {
			isa = PBXGroup;
			children = (
				4A8231212B31068E00AD095A /* App Delegate */,
				4A8231232B31071F00AD095A /* Model */,
				4A8231242B31072800AD095A /* View */,
				4A8231222B3106BD00AD095A /* Controller */,
				4A8231252B31075A00AD095A /* Assets */,
				4A82311B2B3104A300AD095A /* Info.plist */,
			);
			path = VirtualTourist;
			sourceTree = "<group>";
		};
		4A8231212B31068E00AD095A /* App Delegate */ = {
			isa = PBXGroup;
			children = (
				4A82310F2B3104A200AD095A /* SceneDelegate.swift */,
				4A82310D2B3104A200AD095A /* AppDelegate.swift */,
			);
			path = "App Delegate";
			sourceTree = "<group>";
		};
		4A8231222B3106BD00AD095A /* Controller */ = {
			isa = PBXGroup;
			children = (
				4A8231112B3104A200AD095A /* MapViewController.swift */,
				4A81BA072B4F57B900AEF5F1 /* PhotoAlbumViewController */,
			);
			path = Controller;
			sourceTree = "<group>";
		};
		4A8231232B31071F00AD095A /* Model */ = {
			isa = PBXGroup;
			children = (
				4A8231302B33AD8A00AD095A /* FlickrClient */,
				4A81BA0D2B4F69B200AEF5F1 /* Persistence */,
			);
			path = Model;
			sourceTree = "<group>";
		};
		4A8231242B31072800AD095A /* View */ = {
			isa = PBXGroup;
			children = (
				4A81BA062B4F57A400AEF5F1 /* MapView */,
				4A81BA0A2B4F580800AEF5F1 /* PhotoAlbumView */,
			);
			path = View;
			sourceTree = "<group>";
		};
		4A8231252B31075A00AD095A /* Assets */ = {
			isa = PBXGroup;
			children = (
				4A8231162B3104A300AD095A /* Assets.xcassets */,
				4A8231182B3104A300AD095A /* LaunchScreen.storyboard */,
			);
			path = Assets;
			sourceTree = "<group>";
		};
		4A8231302B33AD8A00AD095A /* FlickrClient */ = {
			isa = PBXGroup;
			children = (
				4A82312E2B33AD5800AD095A /* FlickrClient.swift */,
				4A81BA012B46235C00AEF5F1 /* Response */,
			);
			path = FlickrClient;
			sourceTree = "<group>";
		};
/* End PBXGroup section */

/* Begin PBXNativeTarget section */
		4A8231092B3104A200AD095A /* VirtualTourist */ = {
			isa = PBXNativeTarget;
			buildConfigurationList = 4A82311E2B3104A300AD095A /* Build configuration list for PBXNativeTarget "VirtualTourist" */;
			buildPhases = (
				4A8231062B3104A200AD095A /* Sources */,
				4A8231072B3104A200AD095A /* Frameworks */,
				4A8231082B3104A200AD095A /* Resources */,
			);
			buildRules = (
			);
			dependencies = (
			);
			name = VirtualTourist;
			productName = VirtualTourist;
			productReference = 4A82310A2B3104A200AD095A /* VirtualTourist.app */;
			productType = "com.apple.product-type.application";
		};
/* End PBXNativeTarget section */

/* Begin PBXProject section */
		4A8231022B3104A200AD095A /* Project object */ = {
			isa = PBXProject;
			attributes = {
				BuildIndependentTargetsInParallel = 1;
				LastSwiftUpdateCheck = 1430;
				LastUpgradeCheck = 1430;
				TargetAttributes = {
					4A8231092B3104A200AD095A = {
						CreatedOnToolsVersion = 14.3.1;
					};
				};
			};
			buildConfigurationList = 4A8231052B3104A200AD095A /* Build configuration list for PBXProject "VirtualTourist" */;
			compatibilityVersion = "Xcode 14.0";
			developmentRegion = en;
			hasScannedForEncodings = 0;
			knownRegions = (
				en,
				Base,
			);
			mainGroup = 4A8231012B3104A200AD095A;
			productRefGroup = 4A82310B2B3104A200AD095A /* Products */;
			projectDirPath = "";
			projectRoot = "";
			targets = (
				4A8231092B3104A200AD095A /* VirtualTourist */,
			);
		};
/* End PBXProject section */

/* Begin PBXResourcesBuildPhase section */
		4A8231082B3104A200AD095A /* Resources */ = {
			isa = PBXResourcesBuildPhase;
			buildActionMask = 2147483647;
			files = (
				4A82311A2B3104A300AD095A /* LaunchScreen.storyboard in Resources */,
				4A8231172B3104A300AD095A /* Assets.xcassets in Resources */,
			);
			runOnlyForDeploymentPostprocessing = 0;
		};
/* End PBXResourcesBuildPhase section */

/* Begin PBXSourcesBuildPhase section */
		4A8231062B3104A200AD095A /* Sources */ = {
			isa = PBXSourcesBuildPhase;
			buildActionMask = 2147483647;
			files = (
				4A81BA142B50A5DA00AEF5F1 /* VirtualTourist.xcdatamodeld in Sources */,
				4A81BA032B46237400AEF5F1 /* AlbumResponse.swift in Sources */,
				4A8231122B3104A200AD095A /* MapViewController.swift in Sources */,
				4A8231272B31096F00AD095A /* MapView.swift in Sources */,
				4A81BA0C2B4F609200AEF5F1 /* RegionStore.swift in Sources */,
				4A82310E2B3104A200AD095A /* AppDelegate.swift in Sources */,
				4A81BA0F2B4F69DB00AEF5F1 /* Region.swift in Sources */,
				4A8231292B311D3E00AD095A /* PhotoAlbumViewController.swift in Sources */,
				4A8231102B3104A200AD095A /* SceneDelegate.swift in Sources */,
				4A82312B2B325F9400AD095A /* PhotoAlbumView.swift in Sources */,
				4A81BA162B50AAE400AEF5F1 /* DataController.swift in Sources */,
				4A82312D2B3268FE00AD095A /* PhotoAlbumCell.swift in Sources */,
				4A81BA052B4637BA00AEF5F1 /* PhotoAlbumView+CollectionView.swift in Sources */,
				4A81BA092B4F57DE00AEF5F1 /* MapView+MKMapView.swift in Sources */,
				4A82312F2B33AD5800AD095A /* FlickrClient.swift in Sources */,
			);
			runOnlyForDeploymentPostprocessing = 0;
		};
/* End PBXSourcesBuildPhase section */

/* Begin PBXVariantGroup section */
		4A8231182B3104A300AD095A /* LaunchScreen.storyboard */ = {
			isa = PBXVariantGroup;
			children = (
				4A8231192B3104A300AD095A /* Base */,
			);
			name = LaunchScreen.storyboard;
			sourceTree = "<group>";
		};
/* End PBXVariantGroup section */

/* Begin XCBuildConfiguration section */
		4A82311C2B3104A300AD095A /* Debug */ = {
			isa = XCBuildConfiguration;
			buildSettings = {
				ALWAYS_SEARCH_USER_PATHS = NO;
				CLANG_ANALYZER_NONNULL = YES;
				CLANG_ANALYZER_NUMBER_OBJECT_CONVERSION = YES_AGGRESSIVE;
				CLANG_CXX_LANGUAGE_STANDARD = "gnu++20";
				CLANG_ENABLE_MODULES = YES;
				CLANG_ENABLE_OBJC_ARC = YES;
				CLANG_ENABLE_OBJC_WEAK = YES;
				CLANG_WARN_BLOCK_CAPTURE_AUTORELEASING = YES;
				CLANG_WARN_BOOL_CONVERSION = YES;
				CLANG_WARN_COMMA = YES;
				CLANG_WARN_CONSTANT_CONVERSION = YES;
				CLANG_WARN_DEPRECATED_OBJC_IMPLEMENTATIONS = YES;
				CLANG_WARN_DIRECT_OBJC_ISA_USAGE = YES_ERROR;
				CLANG_WARN_DOCUMENTATION_COMMENTS = YES;
				CLANG_WARN_EMPTY_BODY = YES;
				CLANG_WARN_ENUM_CONVERSION = YES;
				CLANG_WARN_INFINITE_RECURSION = YES;
				CLANG_WARN_INT_CONVERSION = YES;
				CLANG_WARN_NON_LITERAL_NULL_CONVERSION = YES;
				CLANG_WARN_OBJC_IMPLICIT_RETAIN_SELF = YES;
				CLANG_WARN_OBJC_LITERAL_CONVERSION = YES;
				CLANG_WARN_OBJC_ROOT_CLASS = YES_ERROR;
				CLANG_WARN_QUOTED_INCLUDE_IN_FRAMEWORK_HEADER = YES;
				CLANG_WARN_RANGE_LOOP_ANALYSIS = YES;
				CLANG_WARN_STRICT_PROTOTYPES = YES;
				CLANG_WARN_SUSPICIOUS_MOVE = YES;
				CLANG_WARN_UNGUARDED_AVAILABILITY = YES_AGGRESSIVE;
				CLANG_WARN_UNREACHABLE_CODE = YES;
				CLANG_WARN__DUPLICATE_METHOD_MATCH = YES;
				COPY_PHASE_STRIP = NO;
				DEBUG_INFORMATION_FORMAT = dwarf;
				ENABLE_STRICT_OBJC_MSGSEND = YES;
				ENABLE_TESTABILITY = YES;
				GCC_C_LANGUAGE_STANDARD = gnu11;
				GCC_DYNAMIC_NO_PIC = NO;
				GCC_NO_COMMON_BLOCKS = YES;
				GCC_OPTIMIZATION_LEVEL = 0;
				GCC_PREPROCESSOR_DEFINITIONS = (
					"DEBUG=1",
					"$(inherited)",
				);
				GCC_WARN_64_TO_32_BIT_CONVERSION = YES;
				GCC_WARN_ABOUT_RETURN_TYPE = YES_ERROR;
				GCC_WARN_UNDECLARED_SELECTOR = YES;
				GCC_WARN_UNINITIALIZED_AUTOS = YES_AGGRESSIVE;
				GCC_WARN_UNUSED_FUNCTION = YES;
				GCC_WARN_UNUSED_VARIABLE = YES;
				IPHONEOS_DEPLOYMENT_TARGET = 16.4;
				MTL_ENABLE_DEBUG_INFO = INCLUDE_SOURCE;
				MTL_FAST_MATH = YES;
				ONLY_ACTIVE_ARCH = YES;
				SDKROOT = iphoneos;
				SWIFT_ACTIVE_COMPILATION_CONDITIONS = DEBUG;
				SWIFT_OPTIMIZATION_LEVEL = "-Onone";
			};
			name = Debug;
		};
		4A82311D2B3104A300AD095A /* Release */ = {
			isa = XCBuildConfiguration;
			buildSettings = {
				ALWAYS_SEARCH_USER_PATHS = NO;
				CLANG_ANALYZER_NONNULL = YES;
				CLANG_ANALYZER_NUMBER_OBJECT_CONVERSION = YES_AGGRESSIVE;
				CLANG_CXX_LANGUAGE_STANDARD = "gnu++20";
				CLANG_ENABLE_MODULES = YES;
				CLANG_ENABLE_OBJC_ARC = YES;
				CLANG_ENABLE_OBJC_WEAK = YES;
				CLANG_WARN_BLOCK_CAPTURE_AUTORELEASING = YES;
				CLANG_WARN_BOOL_CONVERSION = YES;
				CLANG_WARN_COMMA = YES;
				CLANG_WARN_CONSTANT_CONVERSION = YES;
				CLANG_WARN_DEPRECATED_OBJC_IMPLEMENTATIONS = YES;
				CLANG_WARN_DIRECT_OBJC_ISA_USAGE = YES_ERROR;
				CLANG_WARN_DOCUMENTATION_COMMENTS = YES;
				CLANG_WARN_EMPTY_BODY = YES;
				CLANG_WARN_ENUM_CONVERSION = YES;
				CLANG_WARN_INFINITE_RECURSION = YES;
				CLANG_WARN_INT_CONVERSION = YES;
				CLANG_WARN_NON_LITERAL_NULL_CONVERSION = YES;
				CLANG_WARN_OBJC_IMPLICIT_RETAIN_SELF = YES;
				CLANG_WARN_OBJC_LITERAL_CONVERSION = YES;
				CLANG_WARN_OBJC_ROOT_CLASS = YES_ERROR;
				CLANG_WARN_QUOTED_INCLUDE_IN_FRAMEWORK_HEADER = YES;
				CLANG_WARN_RANGE_LOOP_ANALYSIS = YES;
				CLANG_WARN_STRICT_PROTOTYPES = YES;
				CLANG_WARN_SUSPICIOUS_MOVE = YES;
				CLANG_WARN_UNGUARDED_AVAILABILITY = YES_AGGRESSIVE;
				CLANG_WARN_UNREACHABLE_CODE = YES;
				CLANG_WARN__DUPLICATE_METHOD_MATCH = YES;
				COPY_PHASE_STRIP = NO;
				DEBUG_INFORMATION_FORMAT = "dwarf-with-dsym";
				ENABLE_NS_ASSERTIONS = NO;
				ENABLE_STRICT_OBJC_MSGSEND = YES;
				GCC_C_LANGUAGE_STANDARD = gnu11;
				GCC_NO_COMMON_BLOCKS = YES;
				GCC_WARN_64_TO_32_BIT_CONVERSION = YES;
				GCC_WARN_ABOUT_RETURN_TYPE = YES_ERROR;
				GCC_WARN_UNDECLARED_SELECTOR = YES;
				GCC_WARN_UNINITIALIZED_AUTOS = YES_AGGRESSIVE;
				GCC_WARN_UNUSED_FUNCTION = YES;
				GCC_WARN_UNUSED_VARIABLE = YES;
				IPHONEOS_DEPLOYMENT_TARGET = 16.4;
				MTL_ENABLE_DEBUG_INFO = NO;
				MTL_FAST_MATH = YES;
				SDKROOT = iphoneos;
				SWIFT_COMPILATION_MODE = wholemodule;
				SWIFT_OPTIMIZATION_LEVEL = "-O";
				VALIDATE_PRODUCT = YES;
			};
			name = Release;
		};
		4A82311F2B3104A300AD095A /* Debug */ = {
			isa = XCBuildConfiguration;
			buildSettings = {
				ASSETCATALOG_COMPILER_APPICON_NAME = AppIcon;
				ASSETCATALOG_COMPILER_GLOBAL_ACCENT_COLOR_NAME = AccentColor;
				CODE_SIGN_STYLE = Automatic;
				CURRENT_PROJECT_VERSION = 1;
				DEVELOPMENT_TEAM = 99R8R7S3RV;
				GENERATE_INFOPLIST_FILE = YES;
				INFOPLIST_FILE = VirtualTourist/Info.plist;
				INFOPLIST_KEY_UIApplicationSupportsIndirectInputEvents = YES;
				INFOPLIST_KEY_UILaunchStoryboardName = LaunchScreen;
				INFOPLIST_KEY_UIMainStoryboardFile = "";
				INFOPLIST_KEY_UISupportedInterfaceOrientations_iPad = "UIInterfaceOrientationPortrait UIInterfaceOrientationPortraitUpsideDown UIInterfaceOrientationLandscapeLeft UIInterfaceOrientationLandscapeRight";
				INFOPLIST_KEY_UISupportedInterfaceOrientations_iPhone = "UIInterfaceOrientationPortrait UIInterfaceOrientationLandscapeLeft UIInterfaceOrientationLandscapeRight";
				LD_RUNPATH_SEARCH_PATHS = (
					"$(inherited)",
					"@executable_path/Frameworks",
				);
				MARKETING_VERSION = 1.0;
				PRODUCT_BUNDLE_IDENTIFIER = sideprojects.siq.VirtualTourist;
				PRODUCT_NAME = "$(TARGET_NAME)";
				SWIFT_EMIT_LOC_STRINGS = YES;
				SWIFT_VERSION = 5.0;
				TARGETED_DEVICE_FAMILY = "1,2";
			};
			name = Debug;
		};
		4A8231202B3104A300AD095A /* Release */ = {
			isa = XCBuildConfiguration;
			buildSettings = {
				ASSETCATALOG_COMPILER_APPICON_NAME = AppIcon;
				ASSETCATALOG_COMPILER_GLOBAL_ACCENT_COLOR_NAME = AccentColor;
				CODE_SIGN_STYLE = Automatic;
				CURRENT_PROJECT_VERSION = 1;
				DEVELOPMENT_TEAM = 99R8R7S3RV;
				GENERATE_INFOPLIST_FILE = YES;
				INFOPLIST_FILE = VirtualTourist/Info.plist;
				INFOPLIST_KEY_UIApplicationSupportsIndirectInputEvents = YES;
				INFOPLIST_KEY_UILaunchStoryboardName = LaunchScreen;
				INFOPLIST_KEY_UIMainStoryboardFile = "";
				INFOPLIST_KEY_UISupportedInterfaceOrientations_iPad = "UIInterfaceOrientationPortrait UIInterfaceOrientationPortraitUpsideDown UIInterfaceOrientationLandscapeLeft UIInterfaceOrientationLandscapeRight";
				INFOPLIST_KEY_UISupportedInterfaceOrientations_iPhone = "UIInterfaceOrientationPortrait UIInterfaceOrientationLandscapeLeft UIInterfaceOrientationLandscapeRight";
				LD_RUNPATH_SEARCH_PATHS = (
					"$(inherited)",
					"@executable_path/Frameworks",
				);
				MARKETING_VERSION = 1.0;
				PRODUCT_BUNDLE_IDENTIFIER = sideprojects.siq.VirtualTourist;
				PRODUCT_NAME = "$(TARGET_NAME)";
				SWIFT_EMIT_LOC_STRINGS = YES;
				SWIFT_VERSION = 5.0;
				TARGETED_DEVICE_FAMILY = "1,2";
			};
			name = Release;
		};
/* End XCBuildConfiguration section */

/* Begin XCConfigurationList section */
		4A8231052B3104A200AD095A /* Build configuration list for PBXProject "VirtualTourist" */ = {
			isa = XCConfigurationList;
			buildConfigurations = (
				4A82311C2B3104A300AD095A /* Debug */,
				4A82311D2B3104A300AD095A /* Release */,
			);
			defaultConfigurationIsVisible = 0;
			defaultConfigurationName = Release;
		};
		4A82311E2B3104A300AD095A /* Build configuration list for PBXNativeTarget "VirtualTourist" */ = {
			isa = XCConfigurationList;
			buildConfigurations = (
				4A82311F2B3104A300AD095A /* Debug */,
				4A8231202B3104A300AD095A /* Release */,
			);
			defaultConfigurationIsVisible = 0;
			defaultConfigurationName = Release;
		};
/* End XCConfigurationList section */

/* Begin XCVersionGroup section */
		4A81BA122B50A5DA00AEF5F1 /* VirtualTourist.xcdatamodeld */ = {
			isa = XCVersionGroup;
			children = (
				4A81BA132B50A5DA00AEF5F1 /* VirtualTourist.xcdatamodel */,
			);
			currentVersion = 4A81BA132B50A5DA00AEF5F1 /* VirtualTourist.xcdatamodel */;
			path = VirtualTourist.xcdatamodeld;
			sourceTree = "<group>";
			versionGroupType = wrapper.xcdatamodel;
		};
/* End XCVersionGroup section */
	};
	rootObject = 4A8231022B3104A200AD095A /* Project object */;
}
